
Microsoft Visual Studio Solution File, Format Version 12.00
# Visual Studio Version 16
VisualStudioVersion = 16.0.30717.126
MinimumVisualStudioVersion = 10.0.40219.1
Project("{FAE04EC0-301F-11D3-BF4B-00C04F79EFBC}") = "LinqTask", "LinqTask\LinqTask.csproj", "{CF4BB0A4-09A6-40FE-B9A6-EEE696EB5E6D}"
EndProject
Global
	GlobalSection(SolutionConfigurationPlatforms) = preSolution
		Debug|Any CPU = Debug|Any CPU
		Release|Any CPU = Release|Any CPU
	EndGlobalSection
	GlobalSection(ProjectConfigurationPlatforms) = postSolution
		{CF4BB0A4-09A6-40FE-B9A6-EEE696EB5E6D}.Debug|Any CPU.ActiveCfg = Debug|Any CPU
		{CF4BB0A4-09A6-40FE-B9A6-EEE696EB5E6D}.Debug|Any CPU.Build.0 = Debug|Any CPU
		{CF4BB0A4-09A6-40FE-B9A6-EEE696EB5E6D}.Release|Any CPU.ActiveCfg = Release|Any CPU
		{CF4BB0A4-09A6-40FE-B9A6-EEE696EB5E6D}.Release|Any CPU.Build.0 = Release|Any CPU
	EndGlobalSection
	GlobalSection(SolutionProperties) = preSolution
		HideSolutionNode = FALSE
	EndGlobalSection
	GlobalSection(ExtensibilityGlobals) = postSolution
		SolutionGuid = {CF9754A9-DB97-40AF-9FAE-DE0E2923E30F}
	EndGlobalSection
EndGlobal
